<?xml version="1.0" encoding="utf-8"?>
<Project ToolsVersion="4.0" xmlns="http://schemas.microsoft.com/developer/msbuild/2003">
  <ItemGroup>
    <Filter Include="GB">
      <UniqueIdentifier>{7570ea3c-06b8-45e4-ac9b-78548591018d}</UniqueIdentifier>
    </Filter>
    <Filter Include="GB\Tests">
      <UniqueIdentifier>{7bc46adf-c722-47e4-8c7e-2d54caea0bdf}</UniqueIdentifier>
    </Filter>
  </ItemGroup>
  <ItemGroup>
    <ClCompile Include="Bus.cpp">
      <Filter>GB</Filter>
    </ClCompile>
    <ClCompile Include="CPU.cpp">
      <Filter>GB</Filter>
    </ClCompile>
    <ClCompile Include="Cartridge.cpp">
      <Filter>GB</Filter>
    </ClCompile>
    <ClCompile Include="main.cpp">
      <Filter>GB</Filter>
    </ClCompile>
  </ItemGroup>
  <ItemGroup>
    <ClInclude Include="Bus.hpp">
      <Filter>GB</Filter>
    </ClInclude>
    <ClInclude Include="CPU.hpp">
      <Filter>GB</Filter>
    </ClInclude>
    <ClInclude Include="Cartridge.hpp">
      <Filter>GB</Filter>
    </ClInclude>
    <ClInclude Include="Bus_test.hpp">
      <Filter>GB\Tests</Filter>
    </ClInclude>
    <ClInclude Include="Cartridge_test.hpp">
      <Filter>GB\Tests</Filter>
    </ClInclude>
    <ClInclude Include="CPU_test.hpp">
      <Filter>GB\Tests</Filter>
    </ClInclude>
    <ClInclude Include="Interrupt_test.hpp">
      <Filter>GB\Tests</Filter>
    </ClInclude>
  </ItemGroup>
</Project>