<?xml version="1.0" encoding="utf-8"?>
<Project ToolsVersion="4.0" xmlns="http://schemas.microsoft.com/developer/msbuild/2003">
  <ItemGroup>
    <Filter Include="GB">
      <UniqueIdentifier>{7570ea3c-06b8-45e4-ac9b-78548591018d}</UniqueIdentifier>
    </Filter>
  </ItemGroup>
  <ItemGroup>
    <None Include="README.md" />
    <None Include="CPU_test.cpp">
      <Filter>GB</Filter>
    </None>
  </ItemGroup>
  <ItemGroup>
    <ClCompile Include="Interrupt_test.cpp">
      <Filter>GB</Filter>
    </ClCompile>
    <ClCompile Include="Bus.cpp">
      <Filter>GB</Filter>
    </ClCompile>
    <ClCompile Include="CPU.cpp">
      <Filter>GB</Filter>
    </ClCompile>
    <ClCompile Include="Cartridge.cpp">
      <Filter>GB</Filter>
    </ClCompile>
  </ItemGroup>
  <ItemGroup>
    <ClInclude Include="Bus.hpp">
      <Filter>GB</Filter>
    </ClInclude>
    <ClInclude Include="CPU.hpp">
      <Filter>GB</Filter>
    </ClInclude>
    <ClInclude Include="Cartridge.hpp">
      <Filter>GB</Filter>
    </ClInclude>
  </ItemGroup>
</Project>